
Microsoft Visual Studio Solution File, Format Version 12.00
# Visual Studio Version 17
VisualStudioVersion = 17.0.31912.275
MinimumVisualStudioVersion = 10.0.40219.1
Project("{FAE04EC0-301F-11D3-BF4B-00C04F79EFBC}") = "Lab8_LP", "Lab8_LP\Lab8_LP.csproj", "{8DD8DEEC-EA50-46F0-8E37-7BF61193A1BB}"
EndProject
Global
	GlobalSection(SolutionConfigurationPlatforms) = preSolution
		Debug|Any CPU = Debug|Any CPU
		Release|Any CPU = Release|Any CPU
	EndGlobalSection
	GlobalSection(ProjectConfigurationPlatforms) = postSolution
		{8DD8DEEC-EA50-46F0-8E37-7BF61193A1BB}.Debug|Any CPU.ActiveCfg = Debug|Any CPU
		{8DD8DEEC-EA50-46F0-8E37-7BF61193A1BB}.Debug|Any CPU.Build.0 = Debug|Any CPU
		{8DD8DEEC-EA50-46F0-8E37-7BF61193A1BB}.Release|Any CPU.ActiveCfg = Release|Any CPU
		{8DD8DEEC-EA50-46F0-8E37-7BF61193A1BB}.Release|Any CPU.Build.0 = Release|Any CPU
	EndGlobalSection
	GlobalSection(SolutionProperties) = preSolution
		HideSolutionNode = FALSE
	EndGlobalSection
	GlobalSection(ExtensibilityGlobals) = postSolution
		SolutionGuid = {E9ADFB24-B699-46C0-AFE3-CC75EB4CBD14}
	EndGlobalSection
EndGlobal
